// !$*UTF8*$!
{
  archiveVersion = 1;
  classes = {};
  objectVersion = 56;
  objects = {
    A10000000000000000000001 = { isa = PBXProject; buildConfigurationList = A10000000000000000000009; compatibilityVersion = "Xcode 3.2"; developmentRegion = en; hasScannedForEncodings = 0; knownRegions = (en, Base); mainGroup = A10000000000000000000002; productRefGroup = A10000000000000000000004; projectDirPath = ""; projectRoot = ""; targets = (A10000000000000000000008); };
    A10000000000000000000002 = { isa = PBXGroup; children = (A10000000000000000000003, A1000000000000000000000F, A10000000000000000000004); sourceTree = "<group>"; };
    A10000000000000000000003 = { isa = PBXGroup; children = (B10000000000000000000064, B10000000000000000000065, B10000000000000000000066, B10000000000000000000067, B10000000000000000000068, B10000000000000000000069, B1000000000000000000006A, B1000000000000000000006B, B1000000000000000000006C, B1000000000000000000006D, B1000000000000000000006E, B1000000000000000000006F, B10000000000000000000070, B10000000000000000000071, B10000000000000000000072, B10000000000000000000073); path = source/ios; sourceTree = "<group>"; };
    A10000000000000000000004 = { isa = PBXGroup; children = (A10000000000000000000005); name = Products; sourceTree = "<group>"; };
    A10000000000000000000005 = { isa = PBXFileReference; explicitFileType = wrapper.application; includeInIndex = 0; path = ModernRBLX2016.app; sourceTree = BUILT_PRODUCTS_DIR; };
    A1000000000000000000000F = { isa = PBXFileReference; lastKnownFileType = folder; path = content; sourceTree = "<group>"; };
    B10000000000000000000064 = { isa = PBXFileReference; lastKnownFileType = sourcecode.swift; path = ModernRBLX2016App.swift; sourceTree = "<group>"; };
    B10000000000000000000065 = { isa = PBXFileReference; lastKnownFileType = sourcecode.swift; path = RootView.swift; sourceTree = "<group>"; };
    B10000000000000000000066 = { isa = PBXFileReference; lastKnownFileType = sourcecode.swift; path = HomeView.swift; sourceTree = "<group>"; };
    B10000000000000000000067 = { isa = PBXFileReference; lastKnownFileType = sourcecode.swift; path = PlaceholderView.swift; sourceTree = "<group>"; };
    B10000000000000000000068 = { isa = PBXFileReference; lastKnownFileType = sourcecode.swift; path = ServiceLayer.swift; sourceTree = "<group>"; };
    B10000000000000000000069 = { isa = PBXFileReference; lastKnownFileType = sourcecode.swift; path = ServiceEnvironment.swift; sourceTree = "<group>"; };
    B1000000000000000000006A = { isa = PBXFileReference; lastKnownFileType = sourcecode.swift; path = SettingsView.swift; sourceTree = "<group>"; };
    B1000000000000000000006B = { isa = PBXFileReference; lastKnownFileType = sourcecode.swift; path = Eligibility.swift; sourceTree = "<group>"; };
    B1000000000000000000006C = { isa = PBXFileReference; lastKnownFileType = sourcecode.swift; path = AccountGateView.swift; sourceTree = "<group>"; };
    B1000000000000000000006D = { isa = PBXFileReference; lastKnownFileType = sourcecode.swift; path = GamesView.swift; sourceTree = "<group>"; };
    B1000000000000000000006E = { isa = PBXFileReference; lastKnownFileType = sourcecode.swift; path = ProfileView.swift; sourceTree = "<group>"; };
    B1000000000000000000006F = { isa = PBXFileReference; lastKnownFileType = sourcecode.swift; path = Game2016View.swift; sourceTree = "<group>"; };
    B10000000000000000000070 = { isa = PBXFileReference; lastKnownFileType = sourcecode.swift; path = UIAssetLoader.swift; sourceTree = "<group>"; };
    B10000000000000000000071 = { isa = PBXFileReference; lastKnownFileType = sourcecode.swift; path = MaterialCatalog.swift; sourceTree = "<group>"; };
    B10000000000000000000072 = { isa = PBXFileReference; lastKnownFileType = sourcecode.swift; path = ContentAssetLoader.swift; sourceTree = "<group>"; };
    B10000000000000000000073 = { isa = PBXFileReference; lastKnownFileType = sourcecode.swift; path = ContentManifest.swift; sourceTree = "<group>"; };

    A10000000000000000000006 = { isa = PBXSourcesBuildPhase; buildActionMask = 2147483647; files = (C10000000000000000000064, C10000000000000000000065, C10000000000000000000066, C10000000000000000000067, C10000000000000000000068, C10000000000000000000069, C1000000000000000000006A, C1000000000000000000006B, C1000000000000000000006C, C1000000000000000000006D, C1000000000000000000006E, C1000000000000000000006F, C10000000000000000000070, C10000000000000000000071, C10000000000000000000072, C10000000000000000000073); runOnlyForDeploymentPostprocessing = 0; };
    C10000000000000000000064 = { isa = PBXBuildFile; fileRef = B10000000000000000000064; };
    C10000000000000000000065 = { isa = PBXBuildFile; fileRef = B10000000000000000000065; };
    C10000000000000000000066 = { isa = PBXBuildFile; fileRef = B10000000000000000000066; };
    C10000000000000000000067 = { isa = PBXBuildFile; fileRef = B10000000000000000000067; };
    C10000000000000000000068 = { isa = PBXBuildFile; fileRef = B10000000000000000000068; };
    C10000000000000000000069 = { isa = PBXBuildFile; fileRef = B10000000000000000000069; };
    C1000000000000000000006A = { isa = PBXBuildFile; fileRef = B1000000000000000000006A; };
    C1000000000000000000006B = { isa = PBXBuildFile; fileRef = B1000000000000000000006B; };
    C1000000000000000000006C = { isa = PBXBuildFile; fileRef = B1000000000000000000006C; };
    C1000000000000000000006D = { isa = PBXBuildFile; fileRef = B1000000000000000000006D; };
    C1000000000000000000006E = { isa = PBXBuildFile; fileRef = B1000000000000000000006E; };
    C1000000000000000000006F = { isa = PBXBuildFile; fileRef = B1000000000000000000006F; };
    C10000000000000000000070 = { isa = PBXBuildFile; fileRef = B10000000000000000000070; };
    C10000000000000000000071 = { isa = PBXBuildFile; fileRef = B10000000000000000000071; };
    C10000000000000000000072 = { isa = PBXBuildFile; fileRef = B10000000000000000000072; };
    C10000000000000000000073 = { isa = PBXBuildFile; fileRef = B10000000000000000000073; };

    A10000000000000000000007 = { isa = PBXResourcesBuildPhase; buildActionMask = 2147483647; files = (C1000000000000000000000F); runOnlyForDeploymentPostprocessing = 0; };
    C1000000000000000000000F = { isa = PBXBuildFile; fileRef = A1000000000000000000000F; };

    A10000000000000000000008 = { isa = PBXNativeTarget; buildConfigurationList = A1000000000000000000000A; buildPhases = (A10000000000000000000006, A10000000000000000000007); buildRules = (); dependencies = (); name = ModernRBLX2016; productName = ModernRBLX2016; productReference = A10000000000000000000005; productType = "com.apple.product-type.application"; };
    A10000000000000000000009 = { isa = XCConfigurationList; buildConfigurations = (D10000000000000000000001, D10000000000000000000002); defaultConfigurationIsVisible = 0; defaultConfigurationName = Release; };
    A1000000000000000000000A = { isa = XCConfigurationList; buildConfigurations = (D10000000000000000000003, D10000000000000000000004); defaultConfigurationIsVisible = 0; defaultConfigurationName = Release; };
    D10000000000000000000001 = { isa = XCBuildConfiguration; buildSettings = { ALWAYS_SEARCH_USER_PATHS = NO; SDKROOT = iphoneos; SWIFT_VERSION = 5.0; }; name = Debug; };
    D10000000000000000000002 = { isa = XCBuildConfiguration; buildSettings = { ALWAYS_SEARCH_USER_PATHS = NO; SDKROOT = iphoneos; SWIFT_VERSION = 5.0; }; name = Release; };
    D10000000000000000000003 = { isa = XCBuildConfiguration; buildSettings = { CODE_SIGN_STYLE = Automatic; CODE_SIGN_IDENTITY = "Apple Development"; GENERATE_INFOPLIST_FILE = YES; INFOPLIST_KEY_CFBundleDisplayName = ModernRBLX2016; INFOPLIST_KEY_LSRequiresIPhoneOS = YES; IPHONEOS_DEPLOYMENT_TARGET = 16.0; PRODUCT_BUNDLE_IDENTIFIER = "com.rasberrytech.modernrblx2016"; PRODUCT_NAME = ModernRBLX2016; SWIFT_VERSION = 5.0; TARGETED_DEVICE_FAMILY = "1,2"; }; name = Debug; };
    D10000000000000000000004 = { isa = XCBuildConfiguration; buildSettings = { CODE_SIGN_STYLE = Automatic; CODE_SIGN_IDENTITY = "Apple Development"; GENERATE_INFOPLIST_FILE = YES; INFOPLIST_KEY_CFBundleDisplayName = ModernRBLX2016; INFOPLIST_KEY_LSRequiresIPhoneOS = YES; IPHONEOS_DEPLOYMENT_TARGET = 16.0; PRODUCT_BUNDLE_IDENTIFIER = "com.rasberrytech.modernrblx2016"; PRODUCT_NAME = ModernRBLX2016; SWIFT_VERSION = 5.0; TARGETED_DEVICE_FAMILY = "1,2"; }; name = Release; };
  };
  rootObject = A10000000000000000000001;
}